// !$*UTF8*$!
{
	archiveVersion = 1;
	classes = {
	};
	objectVersion = 50;
	objects = {

/* Begin PBXBuildFile section */
		4340DFBC26ACC5440099DEC1 /* Utils.swift in Sources */ = {isa = PBXBuildFile; fileRef = 4340DFBB26ACC5440099DEC1 /* Utils.swift */; };
		4340DFBE26ACC9B10099DEC1 /* RequestGetSections.swift in Sources */ = {isa = PBXBuildFile; fileRef = 4340DFBD26ACC9B10099DEC1 /* RequestGetSections.swift */; };
		4340DFC026ACCA650099DEC1 /* Section.swift in Sources */ = {isa = PBXBuildFile; fileRef = 4340DFBF26ACCA650099DEC1 /* Section.swift */; };
		4344610C266D133200C0741B /* RequestConnexion.swift in Sources */ = {isa = PBXBuildFile; fileRef = 4344610B266D133200C0741B /* RequestConnexion.swift */; };
		4344610F266D137B00C0741B /* Individual.swift in Sources */ = {isa = PBXBuildFile; fileRef = 4344610E266D137B00C0741B /* Individual.swift */; };
		43446113266D4D8C00C0741B /* ConvertDate.swift in Sources */ = {isa = PBXBuildFile; fileRef = 43446112266D4D8C00C0741B /* ConvertDate.swift */; };
		4366105126B28A15005234EC /* Commentary.swift in Sources */ = {isa = PBXBuildFile; fileRef = 4366105026B28A15005234EC /* Commentary.swift */; };
		4366105326B28CD3005234EC /* RequestCommentary.swift in Sources */ = {isa = PBXBuildFile; fileRef = 4366105226B28CD3005234EC /* RequestCommentary.swift */; };
		4366105526B28F46005234EC /* RequestGetCommentaries.swift in Sources */ = {isa = PBXBuildFile; fileRef = 4366105426B28F46005234EC /* RequestGetCommentaries.swift */; };
		4366105826B29B14005234EC /* CommentaryTableViewCell.swift in Sources */ = {isa = PBXBuildFile; fileRef = 4366105626B29B14005234EC /* CommentaryTableViewCell.swift */; };
		4366105926B29B14005234EC /* CommentaryTableViewCell.xib in Resources */ = {isa = PBXBuildFile; fileRef = 4366105726B29B14005234EC /* CommentaryTableViewCell.xib */; };
		4366105B26B29E51005234EC /* RequestGetUserById.swift in Sources */ = {isa = PBXBuildFile; fileRef = 4366105A26B29E51005234EC /* RequestGetUserById.swift */; };
		43ACA7C826B167E20019A5F9 /* SectionTableViewCell.swift in Sources */ = {isa = PBXBuildFile; fileRef = 43ACA7C626B167E20019A5F9 /* SectionTableViewCell.swift */; };
		43ACA7C926B167E20019A5F9 /* SectionTableViewCell.xib in Resources */ = {isa = PBXBuildFile; fileRef = 43ACA7C726B167E20019A5F9 /* SectionTableViewCell.xib */; };
		43ACA7CB26B184BB0019A5F9 /* CheckBox.swift in Sources */ = {isa = PBXBuildFile; fileRef = 43ACA7CA26B184BB0019A5F9 /* CheckBox.swift */; };
		43ACA7CD26B187690019A5F9 /* CheckBoxButton.swift in Sources */ = {isa = PBXBuildFile; fileRef = 43ACA7CC26B187690019A5F9 /* CheckBoxButton.swift */; };
		43ACA7D026B18A2F0019A5F9 /* PostTableViewCell.swift in Sources */ = {isa = PBXBuildFile; fileRef = 43ACA7CE26B18A2F0019A5F9 /* PostTableViewCell.swift */; };
		43ACA7D126B18A2F0019A5F9 /* PostTableViewCell.xib in Resources */ = {isa = PBXBuildFile; fileRef = 43ACA7CF26B18A2F0019A5F9 /* PostTableViewCell.xib */; };
		43ACA7D326B1EC260019A5F9 /* RequestUserHasPost.swift in Sources */ = {isa = PBXBuildFile; fileRef = 43ACA7D226B1EC260019A5F9 /* RequestUserHasPost.swift */; };
		43ACA7D526B210040019A5F9 /* RequestPushPost.swift in Sources */ = {isa = PBXBuildFile; fileRef = 43ACA7D426B210040019A5F9 /* RequestPushPost.swift */; };
		43B37DD826B0A2BF0006D74E /* RequestCreatePost.swift in Sources */ = {isa = PBXBuildFile; fileRef = 43B37DD726B0A2BF0006D74E /* RequestCreatePost.swift */; };
		43B37DDA26B0B00A0006D74E /* Post.swift in Sources */ = {isa = PBXBuildFile; fileRef = 43B37DD926B0B00A0006D74E /* Post.swift */; };
		43B37DDE26B0BBF50006D74E /* RequestGetPosts.swift in Sources */ = {isa = PBXBuildFile; fileRef = 43B37DDD26B0BBF50006D74E /* RequestGetPosts.swift */; };
		87308DAA263C323C005A85F3 /* LaunchScreen.storyboard in Resources */ = {isa = PBXBuildFile; fileRef = 87308DA8263C323C005A85F3 /* LaunchScreen.storyboard */; };
		87308DCC263C3E8B005A85F3 /* homeViewController.swift in Sources */ = {isa = PBXBuildFile; fileRef = 87308DCA263C3E8B005A85F3 /* homeViewController.swift */; };
		87308DCD263C3E8B005A85F3 /* homeViewController.xib in Resources */ = {isa = PBXBuildFile; fileRef = 87308DCB263C3E8B005A85F3 /* homeViewController.xib */; };
		876328612656AD4B00B66420 /* AppDelegate.swift in Sources */ = {isa = PBXBuildFile; fileRef = 876328602656AD4B00B66420 /* AppDelegate.swift */; };
		876FD8A826715FF6008A0CAA /* profilViewController.swift in Sources */ = {isa = PBXBuildFile; fileRef = 876FD8A626715FF6008A0CAA /* profilViewController.swift */; };
		876FD8A926715FF6008A0CAA /* profilViewController.xib in Resources */ = {isa = PBXBuildFile; fileRef = 876FD8A726715FF6008A0CAA /* profilViewController.xib */; };
		876FD8AD26716084008A0CAA /* notificationAdminViewController.swift in Sources */ = {isa = PBXBuildFile; fileRef = 876FD8AB26716084008A0CAA /* notificationAdminViewController.swift */; };
		876FD8AE26716084008A0CAA /* notificationAdminViewController.xib in Resources */ = {isa = PBXBuildFile; fileRef = 876FD8AC26716084008A0CAA /* notificationAdminViewController.xib */; };
		876FD8B226716169008A0CAA /* postViewController.swift in Sources */ = {isa = PBXBuildFile; fileRef = 876FD8B026716169008A0CAA /* postViewController.swift */; };
		876FD8B326716169008A0CAA /* postViewController.xib in Resources */ = {isa = PBXBuildFile; fileRef = 876FD8B126716169008A0CAA /* postViewController.xib */; };
		87BB21EF266C059200375241 /* rubriqueViewController.swift in Sources */ = {isa = PBXBuildFile; fileRef = 87BB21ED266C059200375241 /* rubriqueViewController.swift */; };
		87BB21F0266C059200375241 /* rubriqueViewController.xib in Resources */ = {isa = PBXBuildFile; fileRef = 87BB21EE266C059200375241 /* rubriqueViewController.xib */; };
		87BB21F6266CD41F00375241 /* newPostViewController.swift in Sources */ = {isa = PBXBuildFile; fileRef = 87BB21F4266CD41F00375241 /* newPostViewController.swift */; };
		87BB21F7266CD41F00375241 /* newPostViewController.xib in Resources */ = {isa = PBXBuildFile; fileRef = 87BB21F5266CD41F00375241 /* newPostViewController.xib */; };
		87BB21FB266CE64000375241 /* allRubriquesViewController.swift in Sources */ = {isa = PBXBuildFile; fileRef = 87BB21F9266CE64000375241 /* allRubriquesViewController.swift */; };
		87BB21FC266CE64000375241 /* allRubriquesViewController.xib in Resources */ = {isa = PBXBuildFile; fileRef = 87BB21FA266CE64000375241 /* allRubriquesViewController.xib */; };
		87F54B412665490E0048D3F7 /* roboto in Resources */ = {isa = PBXBuildFile; fileRef = 87F54B402665490E0048D3F7 /* roboto */; };
		87F54B49266574190048D3F7 /* Assets.xcassets in Resources */ = {isa = PBXBuildFile; fileRef = 87F54B48266574190048D3F7 /* Assets.xcassets */; };
		87F54B50266BB8AE0048D3F7 /* FavorisViewController.swift in Sources */ = {isa = PBXBuildFile; fileRef = 87F54B4E266BB8AE0048D3F7 /* FavorisViewController.swift */; };
		87F54B51266BB8AE0048D3F7 /* FavorisViewController.xib in Resources */ = {isa = PBXBuildFile; fileRef = 87F54B4F266BB8AE0048D3F7 /* FavorisViewController.xib */; };
/* End PBXBuildFile section */

/* Begin PBXFileReference section */
		4340DFBB26ACC5440099DEC1 /* Utils.swift */ = {isa = PBXFileReference; lastKnownFileType = sourcecode.swift; path = Utils.swift; sourceTree = "<group>"; };
		4340DFBD26ACC9B10099DEC1 /* RequestGetSections.swift */ = {isa = PBXFileReference; lastKnownFileType = sourcecode.swift; path = RequestGetSections.swift; sourceTree = "<group>"; };
		4340DFBF26ACCA650099DEC1 /* Section.swift */ = {isa = PBXFileReference; lastKnownFileType = sourcecode.swift; path = Section.swift; sourceTree = "<group>"; };
		4344610B266D133200C0741B /* RequestConnexion.swift */ = {isa = PBXFileReference; lastKnownFileType = sourcecode.swift; path = RequestConnexion.swift; sourceTree = "<group>"; };
		4344610E266D137B00C0741B /* Individual.swift */ = {isa = PBXFileReference; lastKnownFileType = sourcecode.swift; path = Individual.swift; sourceTree = "<group>"; };
		43446112266D4D8C00C0741B /* ConvertDate.swift */ = {isa = PBXFileReference; lastKnownFileType = sourcecode.swift; path = ConvertDate.swift; sourceTree = "<group>"; };
		4366105026B28A15005234EC /* Commentary.swift */ = {isa = PBXFileReference; lastKnownFileType = sourcecode.swift; path = Commentary.swift; sourceTree = "<group>"; };
		4366105226B28CD3005234EC /* RequestCommentary.swift */ = {isa = PBXFileReference; lastKnownFileType = sourcecode.swift; path = RequestCommentary.swift; sourceTree = "<group>"; };
		4366105426B28F46005234EC /* RequestGetCommentaries.swift */ = {isa = PBXFileReference; lastKnownFileType = sourcecode.swift; path = RequestGetCommentaries.swift; sourceTree = "<group>"; };
		4366105626B29B14005234EC /* CommentaryTableViewCell.swift */ = {isa = PBXFileReference; lastKnownFileType = sourcecode.swift; path = CommentaryTableViewCell.swift; sourceTree = "<group>"; };
		4366105726B29B14005234EC /* CommentaryTableViewCell.xib */ = {isa = PBXFileReference; lastKnownFileType = file.xib; path = CommentaryTableViewCell.xib; sourceTree = "<group>"; };
		4366105A26B29E51005234EC /* RequestGetUserById.swift */ = {isa = PBXFileReference; lastKnownFileType = sourcecode.swift; path = RequestGetUserById.swift; sourceTree = "<group>"; };
		43ACA7C626B167E20019A5F9 /* SectionTableViewCell.swift */ = {isa = PBXFileReference; lastKnownFileType = sourcecode.swift; path = SectionTableViewCell.swift; sourceTree = "<group>"; };
		43ACA7C726B167E20019A5F9 /* SectionTableViewCell.xib */ = {isa = PBXFileReference; lastKnownFileType = file.xib; path = SectionTableViewCell.xib; sourceTree = "<group>"; };
		43ACA7CA26B184BB0019A5F9 /* CheckBox.swift */ = {isa = PBXFileReference; lastKnownFileType = sourcecode.swift; path = CheckBox.swift; sourceTree = "<group>"; };
		43ACA7CC26B187690019A5F9 /* CheckBoxButton.swift */ = {isa = PBXFileReference; lastKnownFileType = sourcecode.swift; path = CheckBoxButton.swift; sourceTree = "<group>"; };
		43ACA7CE26B18A2F0019A5F9 /* PostTableViewCell.swift */ = {isa = PBXFileReference; lastKnownFileType = sourcecode.swift; path = PostTableViewCell.swift; sourceTree = "<group>"; };
		43ACA7CF26B18A2F0019A5F9 /* PostTableViewCell.xib */ = {isa = PBXFileReference; lastKnownFileType = file.xib; path = PostTableViewCell.xib; sourceTree = "<group>"; };
		43ACA7D226B1EC260019A5F9 /* RequestUserHasPost.swift */ = {isa = PBXFileReference; lastKnownFileType = sourcecode.swift; path = RequestUserHasPost.swift; sourceTree = "<group>"; };
		43ACA7D426B210040019A5F9 /* RequestPushPost.swift */ = {isa = PBXFileReference; lastKnownFileType = sourcecode.swift; path = RequestPushPost.swift; sourceTree = "<group>"; };
		43B37DD726B0A2BF0006D74E /* RequestCreatePost.swift */ = {isa = PBXFileReference; lastKnownFileType = sourcecode.swift; path = RequestCreatePost.swift; sourceTree = "<group>"; };
		43B37DD926B0B00A0006D74E /* Post.swift */ = {isa = PBXFileReference; lastKnownFileType = sourcecode.swift; path = Post.swift; sourceTree = "<group>"; };
		43B37DDD26B0BBF50006D74E /* RequestGetPosts.swift */ = {isa = PBXFileReference; lastKnownFileType = sourcecode.swift; path = RequestGetPosts.swift; sourceTree = "<group>"; };
		87308D9A263C323B005A85F3 /* PuSHellP.app */ = {isa = PBXFileReference; explicitFileType = wrapper.application; includeInIndex = 0; path = PuSHellP.app; sourceTree = BUILT_PRODUCTS_DIR; };
		87308DA9263C323C005A85F3 /* Base */ = {isa = PBXFileReference; lastKnownFileType = file.storyboard; name = Base; path = Base.lproj/LaunchScreen.storyboard; sourceTree = "<group>"; };
		87308DAB263C323C005A85F3 /* Info.plist */ = {isa = PBXFileReference; lastKnownFileType = text.plist.xml; path = Info.plist; sourceTree = "<group>"; };
		87308DCA263C3E8B005A85F3 /* homeViewController.swift */ = {isa = PBXFileReference; lastKnownFileType = sourcecode.swift; path = homeViewController.swift; sourceTree = "<group>"; };
		87308DCB263C3E8B005A85F3 /* homeViewController.xib */ = {isa = PBXFileReference; lastKnownFileType = file.xib; path = homeViewController.xib; sourceTree = "<group>"; };
		876328602656AD4B00B66420 /* AppDelegate.swift */ = {isa = PBXFileReference; fileEncoding = 4; lastKnownFileType = sourcecode.swift; path = AppDelegate.swift; sourceTree = "<group>"; };
		876FD8A626715FF6008A0CAA /* profilViewController.swift */ = {isa = PBXFileReference; lastKnownFileType = sourcecode.swift; path = profilViewController.swift; sourceTree = "<group>"; };
		876FD8A726715FF6008A0CAA /* profilViewController.xib */ = {isa = PBXFileReference; lastKnownFileType = file.xib; path = profilViewController.xib; sourceTree = "<group>"; };
		876FD8AB26716084008A0CAA /* notificationAdminViewController.swift */ = {isa = PBXFileReference; lastKnownFileType = sourcecode.swift; path = notificationAdminViewController.swift; sourceTree = "<group>"; };
		876FD8AC26716084008A0CAA /* notificationAdminViewController.xib */ = {isa = PBXFileReference; lastKnownFileType = file.xib; path = notificationAdminViewController.xib; sourceTree = "<group>"; };
		876FD8B026716169008A0CAA /* postViewController.swift */ = {isa = PBXFileReference; lastKnownFileType = sourcecode.swift; path = postViewController.swift; sourceTree = "<group>"; };
		876FD8B126716169008A0CAA /* postViewController.xib */ = {isa = PBXFileReference; lastKnownFileType = file.xib; path = postViewController.xib; sourceTree = "<group>"; };
		87BB21ED266C059200375241 /* rubriqueViewController.swift */ = {isa = PBXFileReference; lastKnownFileType = sourcecode.swift; path = rubriqueViewController.swift; sourceTree = "<group>"; };
		87BB21EE266C059200375241 /* rubriqueViewController.xib */ = {isa = PBXFileReference; lastKnownFileType = file.xib; path = rubriqueViewController.xib; sourceTree = "<group>"; };
		87BB21F4266CD41F00375241 /* newPostViewController.swift */ = {isa = PBXFileReference; lastKnownFileType = sourcecode.swift; path = newPostViewController.swift; sourceTree = "<group>"; };
		87BB21F5266CD41F00375241 /* newPostViewController.xib */ = {isa = PBXFileReference; lastKnownFileType = file.xib; path = newPostViewController.xib; sourceTree = "<group>"; };
		87BB21F9266CE64000375241 /* allRubriquesViewController.swift */ = {isa = PBXFileReference; lastKnownFileType = sourcecode.swift; path = allRubriquesViewController.swift; sourceTree = "<group>"; };
		87BB21FA266CE64000375241 /* allRubriquesViewController.xib */ = {isa = PBXFileReference; lastKnownFileType = file.xib; path = allRubriquesViewController.xib; sourceTree = "<group>"; };
		87F54B402665490E0048D3F7 /* roboto */ = {isa = PBXFileReference; lastKnownFileType = folder; path = roboto; sourceTree = "<group>"; };
		87F54B48266574190048D3F7 /* Assets.xcassets */ = {isa = PBXFileReference; lastKnownFileType = folder.assetcatalog; path = Assets.xcassets; sourceTree = "<group>"; };
		87F54B4E266BB8AE0048D3F7 /* FavorisViewController.swift */ = {isa = PBXFileReference; lastKnownFileType = sourcecode.swift; path = FavorisViewController.swift; sourceTree = "<group>"; };
		87F54B4F266BB8AE0048D3F7 /* FavorisViewController.xib */ = {isa = PBXFileReference; lastKnownFileType = file.xib; path = FavorisViewController.xib; sourceTree = "<group>"; };
/* End PBXFileReference section */

/* Begin PBXFrameworksBuildPhase section */
		87308D97263C323B005A85F3 /* Frameworks */ = {
			isa = PBXFrameworksBuildPhase;
			buildActionMask = 2147483647;
			files = (
			);
			runOnlyForDeploymentPostprocessing = 0;
		};
/* End PBXFrameworksBuildPhase section */

/* Begin PBXGroup section */
		4340DFBA26ACC4F40099DEC1 /* commun */ = {
			isa = PBXGroup;
			children = (
				43ACA7C526B1679D0019A5F9 /* Cells */,
				4340DFBB26ACC5440099DEC1 /* Utils.swift */,
				43ACA7CA26B184BB0019A5F9 /* CheckBox.swift */,
				43ACA7CC26B187690019A5F9 /* CheckBoxButton.swift */,
			);
			path = commun;
			sourceTree = "<group>";
		};
		4340DFC426ACEB660099DEC1 /* Home */ = {
			isa = PBXGroup;
			children = (
				87308DCA263C3E8B005A85F3 /* homeViewController.swift */,
				87308DCB263C3E8B005A85F3 /* homeViewController.xib */,
			);
			path = Home;
			sourceTree = "<group>";
		};
		4340DFC626ACEB800099DEC1 /* Favoris */ = {
			isa = PBXGroup;
			children = (
				87F54B4E266BB8AE0048D3F7 /* FavorisViewController.swift */,
				87F54B4F266BB8AE0048D3F7 /* FavorisViewController.xib */,
			);
			path = Favoris;
			sourceTree = "<group>";
		};
		4340DFC726ACEBD40099DEC1 /* Rubrique */ = {
			isa = PBXGroup;
			children = (
				87BB21ED266C059200375241 /* rubriqueViewController.swift */,
				87BB21EE266C059200375241 /* rubriqueViewController.xib */,
			);
			path = Rubrique;
			sourceTree = "<group>";
		};
		4340DFC826ACEBF60099DEC1 /* NewPost */ = {
			isa = PBXGroup;
			children = (
				87BB21F4266CD41F00375241 /* newPostViewController.swift */,
				87BB21F5266CD41F00375241 /* newPostViewController.xib */,
			);
			path = NewPost;
			sourceTree = "<group>";
		};
		4340DFC926ACEC060099DEC1 /* AllRubriques */ = {
			isa = PBXGroup;
			children = (
				87BB21F9266CE64000375241 /* allRubriquesViewController.swift */,
				87BB21FA266CE64000375241 /* allRubriquesViewController.xib */,
			);
			path = AllRubriques;
			sourceTree = "<group>";
		};
		4340DFCA26ACEC210099DEC1 /* Profil */ = {
			isa = PBXGroup;
			children = (
				876FD8A626715FF6008A0CAA /* profilViewController.swift */,
				876FD8A726715FF6008A0CAA /* profilViewController.xib */,
			);
			path = Profil;
			sourceTree = "<group>";
		};
		4340DFCB26ACEC2B0099DEC1 /* Notification */ = {
			isa = PBXGroup;
			children = (
				876FD8AB26716084008A0CAA /* notificationAdminViewController.swift */,
				876FD8AC26716084008A0CAA /* notificationAdminViewController.xib */,
			);
			path = Notification;
			sourceTree = "<group>";
		};
		4340DFCC26ACEC490099DEC1 /* Post */ = {
			isa = PBXGroup;
			children = (
				876FD8B026716169008A0CAA /* postViewController.swift */,
				876FD8B126716169008A0CAA /* postViewController.xib */,
			);
			path = Post;
			sourceTree = "<group>";
		};
		4344610A266D130500C0741B /* Services */ = {
			isa = PBXGroup;
			children = (
				4344610B266D133200C0741B /* RequestConnexion.swift */,
				43446112266D4D8C00C0741B /* ConvertDate.swift */,
				4340DFBD26ACC9B10099DEC1 /* RequestGetSections.swift */,
				43B37DD726B0A2BF0006D74E /* RequestCreatePost.swift */,
				43B37DDD26B0BBF50006D74E /* RequestGetPosts.swift */,
				43ACA7D226B1EC260019A5F9 /* RequestUserHasPost.swift */,
				43ACA7D426B210040019A5F9 /* RequestPushPost.swift */,
				4366105226B28CD3005234EC /* RequestCommentary.swift */,
				4366105426B28F46005234EC /* RequestGetCommentaries.swift */,
			);
			path = Services;
			sourceTree = "<group>";
		};
		4344610D266D136A00C0741B /* Model */ = {
			isa = PBXGroup;
			children = (
				4344610E266D137B00C0741B /* Individual.swift */,
				4340DFBF26ACCA650099DEC1 /* Section.swift */,
				43B37DD926B0B00A0006D74E /* Post.swift */,
				4366105026B28A15005234EC /* Commentary.swift */,
				4366105A26B29E51005234EC /* RequestGetUserById.swift */,
			);
			path = Model;
			sourceTree = "<group>";
		};
		43ACA7C526B1679D0019A5F9 /* Cells */ = {
			isa = PBXGroup;
			children = (
				43ACA7C626B167E20019A5F9 /* SectionTableViewCell.swift */,
				43ACA7C726B167E20019A5F9 /* SectionTableViewCell.xib */,
				43ACA7CE26B18A2F0019A5F9 /* PostTableViewCell.swift */,
				43ACA7CF26B18A2F0019A5F9 /* PostTableViewCell.xib */,
				4366105626B29B14005234EC /* CommentaryTableViewCell.swift */,
				4366105726B29B14005234EC /* CommentaryTableViewCell.xib */,
			);
			path = Cells;
			sourceTree = "<group>";
		};
		87308D91263C323B005A85F3 = {
			isa = PBXGroup;
			children = (
				87308D9C263C323B005A85F3 /* PuSHellP */,
				87308D9B263C323B005A85F3 /* Products */,
			);
			sourceTree = "<group>";
		};
		87308D9B263C323B005A85F3 /* Products */ = {
			isa = PBXGroup;
			children = (
				87308D9A263C323B005A85F3 /* PuSHellP.app */,
			);
			name = Products;
			sourceTree = "<group>";
		};
		87308D9C263C323B005A85F3 /* PuSHellP */ = {
			isa = PBXGroup;
			children = (
				4340DFBA26ACC4F40099DEC1 /* commun */,
				4344610D266D136A00C0741B /* Model */,
				4344610A266D130500C0741B /* Services */,
				87F54B53266BB8F00048D3F7 /* Scenes */,
				876328602656AD4B00B66420 /* AppDelegate.swift */,
				87308DA8263C323C005A85F3 /* LaunchScreen.storyboard */,
				87308DAB263C323C005A85F3 /* Info.plist */,
				87F54B48266574190048D3F7 /* Assets.xcassets */,
				87F54B402665490E0048D3F7 /* roboto */,
			);
			path = PuSHellP;
			sourceTree = "<group>";
		};
		87F54B53266BB8F00048D3F7 /* Scenes */ = {
			isa = PBXGroup;
			children = (
				4340DFC426ACEB660099DEC1 /* Home */,
				4340DFC626ACEB800099DEC1 /* Favoris */,
				4340DFC726ACEBD40099DEC1 /* Rubrique */,
				4340DFC826ACEBF60099DEC1 /* NewPost */,
				4340DFC926ACEC060099DEC1 /* AllRubriques */,
				4340DFCA26ACEC210099DEC1 /* Profil */,
				4340DFCB26ACEC2B0099DEC1 /* Notification */,
				4340DFCC26ACEC490099DEC1 /* Post */,
			);
			path = Scenes;
			sourceTree = "<group>";
		};
/* End PBXGroup section */

/* Begin PBXNativeTarget section */
		87308D99263C323B005A85F3 /* PuSHellP */ = {
			isa = PBXNativeTarget;
			buildConfigurationList = 87308DAE263C323C005A85F3 /* Build configuration list for PBXNativeTarget "PuSHellP" */;
			buildPhases = (
				87308D96263C323B005A85F3 /* Sources */,
				87308D97263C323B005A85F3 /* Frameworks */,
				87308D98263C323B005A85F3 /* Resources */,
			);
			buildRules = (
			);
			dependencies = (
			);
			name = PuSHellP;
			productName = PuSHellP;
			productReference = 87308D9A263C323B005A85F3 /* PuSHellP.app */;
			productType = "com.apple.product-type.application";
		};
/* End PBXNativeTarget section */

/* Begin PBXProject section */
		87308D92263C323B005A85F3 /* Project object */ = {
			isa = PBXProject;
			attributes = {
				LastSwiftUpdateCheck = 1240;
				LastUpgradeCheck = 1240;
				TargetAttributes = {
					87308D99263C323B005A85F3 = {
						CreatedOnToolsVersion = 12.4;
						LastSwiftMigration = 1240;
					};
				};
			};
			buildConfigurationList = 87308D95263C323B005A85F3 /* Build configuration list for PBXProject "PuSHellP" */;
			compatibilityVersion = "Xcode 9.3";
			developmentRegion = en;
			hasScannedForEncodings = 0;
			knownRegions = (
				en,
				Base,
			);
			mainGroup = 87308D91263C323B005A85F3;
			productRefGroup = 87308D9B263C323B005A85F3 /* Products */;
			projectDirPath = "";
			projectRoot = "";
			targets = (
				87308D99263C323B005A85F3 /* PuSHellP */,
			);
		};
/* End PBXProject section */

/* Begin PBXResourcesBuildPhase section */
		87308D98263C323B005A85F3 /* Resources */ = {
			isa = PBXResourcesBuildPhase;
			buildActionMask = 2147483647;
			files = (
				876FD8A926715FF6008A0CAA /* profilViewController.xib in Resources */,
				43ACA7C926B167E20019A5F9 /* SectionTableViewCell.xib in Resources */,
				87BB21F7266CD41F00375241 /* newPostViewController.xib in Resources */,
				87BB21FC266CE64000375241 /* allRubriquesViewController.xib in Resources */,
				87308DCD263C3E8B005A85F3 /* homeViewController.xib in Resources */,
				87308DAA263C323C005A85F3 /* LaunchScreen.storyboard in Resources */,
				876FD8AE26716084008A0CAA /* notificationAdminViewController.xib in Resources */,
				87F54B51266BB8AE0048D3F7 /* FavorisViewController.xib in Resources */,
				87F54B412665490E0048D3F7 /* roboto in Resources */,
				876FD8B326716169008A0CAA /* postViewController.xib in Resources */,
				87F54B49266574190048D3F7 /* Assets.xcassets in Resources */,
				87BB21F0266C059200375241 /* rubriqueViewController.xib in Resources */,
				4366105926B29B14005234EC /* CommentaryTableViewCell.xib in Resources */,
				43ACA7D126B18A2F0019A5F9 /* PostTableViewCell.xib in Resources */,
			);
			runOnlyForDeploymentPostprocessing = 0;
		};
/* End PBXResourcesBuildPhase section */

/* Begin PBXSourcesBuildPhase section */
		87308D96263C323B005A85F3 /* Sources */ = {
			isa = PBXSourcesBuildPhase;
			buildActionMask = 2147483647;
			files = (
				4340DFC026ACCA650099DEC1 /* Section.swift in Sources */,
				4366105126B28A15005234EC /* Commentary.swift in Sources */,
				43ACA7D326B1EC260019A5F9 /* RequestUserHasPost.swift in Sources */,
				87BB21F6266CD41F00375241 /* newPostViewController.swift in Sources */,
				4344610C266D133200C0741B /* RequestConnexion.swift in Sources */,
				4340DFBE26ACC9B10099DEC1 /* RequestGetSections.swift in Sources */,
				43ACA7CD26B187690019A5F9 /* CheckBoxButton.swift in Sources */,
				43ACA7CB26B184BB0019A5F9 /* CheckBox.swift in Sources */,
				43ACA7D526B210040019A5F9 /* RequestPushPost.swift in Sources */,
				43B37DDA26B0B00A0006D74E /* Post.swift in Sources */,
				4366105326B28CD3005234EC /* RequestCommentary.swift in Sources */,
				4366105526B28F46005234EC /* RequestGetCommentaries.swift in Sources */,
				876FD8A826715FF6008A0CAA /* profilViewController.swift in Sources */,
				43B37DD826B0A2BF0006D74E /* RequestCreatePost.swift in Sources */,
				4366105B26B29E51005234EC /* RequestGetUserById.swift in Sources */,
				876328612656AD4B00B66420 /* AppDelegate.swift in Sources */,
				87BB21EF266C059200375241 /* rubriqueViewController.swift in Sources */,
				43ACA7D026B18A2F0019A5F9 /* PostTableViewCell.swift in Sources */,
				43ACA7C826B167E20019A5F9 /* SectionTableViewCell.swift in Sources */,
				4340DFBC26ACC5440099DEC1 /* Utils.swift in Sources */,
				43B37DDE26B0BBF50006D74E /* RequestGetPosts.swift in Sources */,
				4344610F266D137B00C0741B /* Individual.swift in Sources */,
				87F54B50266BB8AE0048D3F7 /* FavorisViewController.swift in Sources */,
				4366105826B29B14005234EC /* CommentaryTableViewCell.swift in Sources */,
				43446113266D4D8C00C0741B /* ConvertDate.swift in Sources */,
				876FD8B226716169008A0CAA /* postViewController.swift in Sources */,
				87BB21FB266CE64000375241 /* allRubriquesViewController.swift in Sources */,
				876FD8AD26716084008A0CAA /* notificationAdminViewController.swift in Sources */,
				87308DCC263C3E8B005A85F3 /* homeViewController.swift in Sources */,
			);
			runOnlyForDeploymentPostprocessing = 0;
		};
/* End PBXSourcesBuildPhase section */

/* Begin PBXVariantGroup section */
		87308DA8263C323C005A85F3 /* LaunchScreen.storyboard */ = {
			isa = PBXVariantGroup;
			children = (
				87308DA9263C323C005A85F3 /* Base */,
			);
			name = LaunchScreen.storyboard;
			sourceTree = "<group>";
		};
/* End PBXVariantGroup section */

/* Begin XCBuildConfiguration section */
		87308DAC263C323C005A85F3 /* Debug */ = {
			isa = XCBuildConfiguration;
			buildSettings = {
				ALWAYS_SEARCH_USER_PATHS = NO;
				CLANG_ANALYZER_NONNULL = YES;
				CLANG_ANALYZER_NUMBER_OBJECT_CONVERSION = YES_AGGRESSIVE;
				CLANG_CXX_LANGUAGE_STANDARD = "gnu++14";
				CLANG_CXX_LIBRARY = "libc++";
				CLANG_ENABLE_MODULES = YES;
				CLANG_ENABLE_OBJC_ARC = YES;
				CLANG_ENABLE_OBJC_WEAK = YES;
				CLANG_WARN_BLOCK_CAPTURE_AUTORELEASING = YES;
				CLANG_WARN_BOOL_CONVERSION = YES;
				CLANG_WARN_COMMA = YES;
				CLANG_WARN_CONSTANT_CONVERSION = YES;
				CLANG_WARN_DEPRECATED_OBJC_IMPLEMENTATIONS = YES;
				CLANG_WARN_DIRECT_OBJC_ISA_USAGE = YES_ERROR;
				CLANG_WARN_DOCUMENTATION_COMMENTS = YES;
				CLANG_WARN_EMPTY_BODY = YES;
				CLANG_WARN_ENUM_CONVERSION = YES;
				CLANG_WARN_INFINITE_RECURSION = YES;
				CLANG_WARN_INT_CONVERSION = YES;
				CLANG_WARN_NON_LITERAL_NULL_CONVERSION = YES;
				CLANG_WARN_OBJC_IMPLICIT_RETAIN_SELF = YES;
				CLANG_WARN_OBJC_LITERAL_CONVERSION = YES;
				CLANG_WARN_OBJC_ROOT_CLASS = YES_ERROR;
				CLANG_WARN_QUOTED_INCLUDE_IN_FRAMEWORK_HEADER = YES;
				CLANG_WARN_RANGE_LOOP_ANALYSIS = YES;
				CLANG_WARN_STRICT_PROTOTYPES = YES;
				CLANG_WARN_SUSPICIOUS_MOVE = YES;
				CLANG_WARN_UNGUARDED_AVAILABILITY = YES_AGGRESSIVE;
				CLANG_WARN_UNREACHABLE_CODE = YES;
				CLANG_WARN__DUPLICATE_METHOD_MATCH = YES;
				COPY_PHASE_STRIP = NO;
				DEBUG_INFORMATION_FORMAT = dwarf;
				ENABLE_STRICT_OBJC_MSGSEND = YES;
				ENABLE_TESTABILITY = YES;
				GCC_C_LANGUAGE_STANDARD = gnu11;
				GCC_DYNAMIC_NO_PIC = NO;
				GCC_NO_COMMON_BLOCKS = YES;
				GCC_OPTIMIZATION_LEVEL = 0;
				GCC_PREPROCESSOR_DEFINITIONS = (
					"DEBUG=1",
					"$(inherited)",
				);
				GCC_WARN_64_TO_32_BIT_CONVERSION = YES;
				GCC_WARN_ABOUT_RETURN_TYPE = YES_ERROR;
				GCC_WARN_UNDECLARED_SELECTOR = YES;
				GCC_WARN_UNINITIALIZED_AUTOS = YES_AGGRESSIVE;
				GCC_WARN_UNUSED_FUNCTION = YES;
				GCC_WARN_UNUSED_VARIABLE = YES;
				IPHONEOS_DEPLOYMENT_TARGET = 14.4;
				MTL_ENABLE_DEBUG_INFO = INCLUDE_SOURCE;
				MTL_FAST_MATH = YES;
				ONLY_ACTIVE_ARCH = YES;
				SDKROOT = iphoneos;
				SWIFT_ACTIVE_COMPILATION_CONDITIONS = DEBUG;
				SWIFT_OPTIMIZATION_LEVEL = "-Onone";
			};
			name = Debug;
		};
		87308DAD263C323C005A85F3 /* Release */ = {
			isa = XCBuildConfiguration;
			buildSettings = {
				ALWAYS_SEARCH_USER_PATHS = NO;
				CLANG_ANALYZER_NONNULL = YES;
				CLANG_ANALYZER_NUMBER_OBJECT_CONVERSION = YES_AGGRESSIVE;
				CLANG_CXX_LANGUAGE_STANDARD = "gnu++14";
				CLANG_CXX_LIBRARY = "libc++";
				CLANG_ENABLE_MODULES = YES;
				CLANG_ENABLE_OBJC_ARC = YES;
				CLANG_ENABLE_OBJC_WEAK = YES;
				CLANG_WARN_BLOCK_CAPTURE_AUTORELEASING = YES;
				CLANG_WARN_BOOL_CONVERSION = YES;
				CLANG_WARN_COMMA = YES;
				CLANG_WARN_CONSTANT_CONVERSION = YES;
				CLANG_WARN_DEPRECATED_OBJC_IMPLEMENTATIONS = YES;
				CLANG_WARN_DIRECT_OBJC_ISA_USAGE = YES_ERROR;
				CLANG_WARN_DOCUMENTATION_COMMENTS = YES;
				CLANG_WARN_EMPTY_BODY = YES;
				CLANG_WARN_ENUM_CONVERSION = YES;
				CLANG_WARN_INFINITE_RECURSION = YES;
				CLANG_WARN_INT_CONVERSION = YES;
				CLANG_WARN_NON_LITERAL_NULL_CONVERSION = YES;
				CLANG_WARN_OBJC_IMPLICIT_RETAIN_SELF = YES;
				CLANG_WARN_OBJC_LITERAL_CONVERSION = YES;
				CLANG_WARN_OBJC_ROOT_CLASS = YES_ERROR;
				CLANG_WARN_QUOTED_INCLUDE_IN_FRAMEWORK_HEADER = YES;
				CLANG_WARN_RANGE_LOOP_ANALYSIS = YES;
				CLANG_WARN_STRICT_PROTOTYPES = YES;
				CLANG_WARN_SUSPICIOUS_MOVE = YES;
				CLANG_WARN_UNGUARDED_AVAILABILITY = YES_AGGRESSIVE;
				CLANG_WARN_UNREACHABLE_CODE = YES;
				CLANG_WARN__DUPLICATE_METHOD_MATCH = YES;
				COPY_PHASE_STRIP = NO;
				DEBUG_INFORMATION_FORMAT = "dwarf-with-dsym";
				ENABLE_NS_ASSERTIONS = NO;
				ENABLE_STRICT_OBJC_MSGSEND = YES;
				GCC_C_LANGUAGE_STANDARD = gnu11;
				GCC_NO_COMMON_BLOCKS = YES;
				GCC_WARN_64_TO_32_BIT_CONVERSION = YES;
				GCC_WARN_ABOUT_RETURN_TYPE = YES_ERROR;
				GCC_WARN_UNDECLARED_SELECTOR = YES;
				GCC_WARN_UNINITIALIZED_AUTOS = YES_AGGRESSIVE;
				GCC_WARN_UNUSED_FUNCTION = YES;
				GCC_WARN_UNUSED_VARIABLE = YES;
				IPHONEOS_DEPLOYMENT_TARGET = 14.4;
				MTL_ENABLE_DEBUG_INFO = NO;
				MTL_FAST_MATH = YES;
				SDKROOT = iphoneos;
				SWIFT_COMPILATION_MODE = wholemodule;
				SWIFT_OPTIMIZATION_LEVEL = "-O";
				VALIDATE_PRODUCT = YES;
			};
			name = Release;
		};
		87308DAF263C323C005A85F3 /* Debug */ = {
			isa = XCBuildConfiguration;
			buildSettings = {
				ASSETCATALOG_COMPILER_APPICON_NAME = AppIcon;
				ASSETCATALOG_COMPILER_GLOBAL_ACCENT_COLOR_NAME = AccentColor;
				CLANG_ENABLE_MODULES = YES;
				CODE_SIGN_STYLE = Automatic;
				INFOPLIST_FILE = PuSHellP/Info.plist;
				LD_RUNPATH_SEARCH_PATHS = (
					"$(inherited)",
					"@executable_path/Frameworks",
				);
				PRODUCT_BUNDLE_IDENTIFIER = "Project-swift.PuSHellP";
				PRODUCT_NAME = "$(TARGET_NAME)";
				SWIFT_OPTIMIZATION_LEVEL = "-Onone";
				SWIFT_VERSION = 5.0;
				TARGETED_DEVICE_FAMILY = "1,2";
			};
			name = Debug;
		};
		87308DB0263C323C005A85F3 /* Release */ = {
			isa = XCBuildConfiguration;
			buildSettings = {
				ASSETCATALOG_COMPILER_APPICON_NAME = AppIcon;
				ASSETCATALOG_COMPILER_GLOBAL_ACCENT_COLOR_NAME = AccentColor;
				CLANG_ENABLE_MODULES = YES;
				CODE_SIGN_STYLE = Automatic;
				INFOPLIST_FILE = PuSHellP/Info.plist;
				LD_RUNPATH_SEARCH_PATHS = (
					"$(inherited)",
					"@executable_path/Frameworks",
				);
				PRODUCT_BUNDLE_IDENTIFIER = "Project-swift.PuSHellP";
				PRODUCT_NAME = "$(TARGET_NAME)";
				SWIFT_VERSION = 5.0;
				TARGETED_DEVICE_FAMILY = "1,2";
			};
			name = Release;
		};
/* End XCBuildConfiguration section */

/* Begin XCConfigurationList section */
		87308D95263C323B005A85F3 /* Build configuration list for PBXProject "PuSHellP" */ = {
			isa = XCConfigurationList;
			buildConfigurations = (
				87308DAC263C323C005A85F3 /* Debug */,
				87308DAD263C323C005A85F3 /* Release */,
			);
			defaultConfigurationIsVisible = 0;
			defaultConfigurationName = Release;
		};
		87308DAE263C323C005A85F3 /* Build configuration list for PBXNativeTarget "PuSHellP" */ = {
			isa = XCConfigurationList;
			buildConfigurations = (
				87308DAF263C323C005A85F3 /* Debug */,
				87308DB0263C323C005A85F3 /* Release */,
			);
			defaultConfigurationIsVisible = 0;
			defaultConfigurationName = Release;
		};
/* End XCConfigurationList section */
	};
	rootObject = 87308D92263C323B005A85F3 /* Project object */;
}
